
Microsoft Visual Studio Solution File, Format Version 12.00
# Visual Studio Version 17
VisualStudioVersion = 17.7.34003.232
MinimumVisualStudioVersion = 10.0.40219.1
Project("{FAE04EC0-301F-11D3-BF4B-00C04F79EFBC}") = "inlämning 3.2", "inlämning 3.2.csproj", "{AD5288BB-A146-4B8F-81D8-DCFD102045D0}"
EndProject
Global
	GlobalSection(SolutionConfigurationPlatforms) = preSolution
		Debug|Any CPU = Debug|Any CPU
		Release|Any CPU = Release|Any CPU
	EndGlobalSection
	GlobalSection(ProjectConfigurationPlatforms) = postSolution
		{AD5288BB-A146-4B8F-81D8-DCFD102045D0}.Debug|Any CPU.ActiveCfg = Debug|Any CPU
		{AD5288BB-A146-4B8F-81D8-DCFD102045D0}.Debug|Any CPU.Build.0 = Debug|Any CPU
		{AD5288BB-A146-4B8F-81D8-DCFD102045D0}.Release|Any CPU.ActiveCfg = Release|Any CPU
		{AD5288BB-A146-4B8F-81D8-DCFD102045D0}.Release|Any CPU.Build.0 = Release|Any CPU
	EndGlobalSection
	GlobalSection(SolutionProperties) = preSolution
		HideSolutionNode = FALSE
	EndGlobalSection
	GlobalSection(ExtensibilityGlobals) = postSolution
		SolutionGuid = {3A56F588-1F26-4794-83FF-C8D14BA22DD0}
	EndGlobalSection
EndGlobal
